// !$*UTF8*$!
{
	archiveVersion = 1;
	classes = {
	};
	objectVersion = 56;
	objects = {

/* Begin PBXBuildFile section */
		2C34755F298139EB00EB1F9D /* AppDelegate.swift in Sources */ = {isa = PBXBuildFile; fileRef = 2C34755E298139EB00EB1F9D /* AppDelegate.swift */; };
		2C347561298139EB00EB1F9D /* SceneDelegate.swift in Sources */ = {isa = PBXBuildFile; fileRef = 2C347560298139EB00EB1F9D /* SceneDelegate.swift */; };
		2C347566298139EB00EB1F9D /* Main.storyboard in Resources */ = {isa = PBXBuildFile; fileRef = 2C347564298139EB00EB1F9D /* Main.storyboard */; };
		2C347568298139EF00EB1F9D /* Assets.xcassets in Resources */ = {isa = PBXBuildFile; fileRef = 2C347567298139EF00EB1F9D /* Assets.xcassets */; };
		2C34756B298139EF00EB1F9D /* LaunchScreen.storyboard in Resources */ = {isa = PBXBuildFile; fileRef = 2C347569298139EF00EB1F9D /* LaunchScreen.storyboard */; };
		2C347576298139F000EB1F9D /* Movies_SearchTests.swift in Sources */ = {isa = PBXBuildFile; fileRef = 2C347575298139F000EB1F9D /* Movies_SearchTests.swift */; };
		2C347580298139F000EB1F9D /* Movies_SearchUITests.swift in Sources */ = {isa = PBXBuildFile; fileRef = 2C34757F298139F000EB1F9D /* Movies_SearchUITests.swift */; };
		2C347582298139F000EB1F9D /* Movies_SearchUITestsLaunchTests.swift in Sources */ = {isa = PBXBuildFile; fileRef = 2C347581298139F000EB1F9D /* Movies_SearchUITestsLaunchTests.swift */; };
		2C34759329813D9200EB1F9D /* APIRequest.swift in Sources */ = {isa = PBXBuildFile; fileRef = 2C34759229813D9200EB1F9D /* APIRequest.swift */; };
		2C34759529813DD400EB1F9D /* APIService.swift in Sources */ = {isa = PBXBuildFile; fileRef = 2C34759429813DD400EB1F9D /* APIService.swift */; };
		2C34759729813DFE00EB1F9D /* DefaultAPIService.swift in Sources */ = {isa = PBXBuildFile; fileRef = 2C34759629813DFE00EB1F9D /* DefaultAPIService.swift */; };
		2C34759929813E3900EB1F9D /* APIServiceConfig.swift in Sources */ = {isa = PBXBuildFile; fileRef = 2C34759829813E3900EB1F9D /* APIServiceConfig.swift */; };
		2C34759C29813E9700EB1F9D /* Error.swift in Sources */ = {isa = PBXBuildFile; fileRef = 2C34759B29813E9700EB1F9D /* Error.swift */; };
		2C34759E2981443E00EB1F9D /* APIResult.swift in Sources */ = {isa = PBXBuildFile; fileRef = 2C34759D2981443E00EB1F9D /* APIResult.swift */; };
		2C3475A029814A6800EB1F9D /* JSONUtils.swift in Sources */ = {isa = PBXBuildFile; fileRef = 2C34759F29814A6800EB1F9D /* JSONUtils.swift */; };
		2C3475A329816D8B00EB1F9D /* MoviesService.swift in Sources */ = {isa = PBXBuildFile; fileRef = 2C3475A229816D8B00EB1F9D /* MoviesService.swift */; };
		2C3475A62983DE0F00EB1F9D /* OMDbService.swift in Sources */ = {isa = PBXBuildFile; fileRef = 2C3475A52983DE0F00EB1F9D /* OMDbService.swift */; };
		2C3475A929840A7F00EB1F9D /* Movie.swift in Sources */ = {isa = PBXBuildFile; fileRef = 2C3475A829840A7F00EB1F9D /* Movie.swift */; };
		2C3475AC29840B6900EB1F9D /* MovieSearchResults.swift in Sources */ = {isa = PBXBuildFile; fileRef = 2C3475AB29840B6900EB1F9D /* MovieSearchResults.swift */; };
		2C3475AE2984145A00EB1F9D /* MovieItem.swift in Sources */ = {isa = PBXBuildFile; fileRef = 2C3475AD2984145A00EB1F9D /* MovieItem.swift */; };
		2C3475B02984148800EB1F9D /* MovieDetails.swift in Sources */ = {isa = PBXBuildFile; fileRef = 2C3475AF2984148800EB1F9D /* MovieDetails.swift */; };
		2C3475B2298415D100EB1F9D /* MovieSearchFilter.swift in Sources */ = {isa = PBXBuildFile; fileRef = 2C3475B1298415D100EB1F9D /* MovieSearchFilter.swift */; };
		2C3475B4298416D300EB1F9D /* MoviePlot.swift in Sources */ = {isa = PBXBuildFile; fileRef = 2C3475B3298416D300EB1F9D /* MoviePlot.swift */; };
		2C3475B62984190D00EB1F9D /* Rating.swift in Sources */ = {isa = PBXBuildFile; fileRef = 2C3475B52984190D00EB1F9D /* Rating.swift */; };
		2C3475B829841B2600EB1F9D /* OMDbSearchResults.swift in Sources */ = {isa = PBXBuildFile; fileRef = 2C3475B729841B2600EB1F9D /* OMDbSearchResults.swift */; };
		2C3475BA29841B4100EB1F9D /* OMDbSearchResultItem.swift in Sources */ = {isa = PBXBuildFile; fileRef = 2C3475B929841B4100EB1F9D /* OMDbSearchResultItem.swift */; };
		2C3475BC29841B5F00EB1F9D /* OMDbDTO.swift in Sources */ = {isa = PBXBuildFile; fileRef = 2C3475BB29841B5F00EB1F9D /* OMDbDTO.swift */; };
		2C3475BE29841B8600EB1F9D /* OMDbRating.swift in Sources */ = {isa = PBXBuildFile; fileRef = 2C3475BD29841B8600EB1F9D /* OMDbRating.swift */; };
		2C3475C2298423DE00EB1F9D /* MovieSearchViewModel.swift in Sources */ = {isa = PBXBuildFile; fileRef = 2C3475C1298423DE00EB1F9D /* MovieSearchViewModel.swift */; };
		2C3475C4298423F400EB1F9D /* MovieSearchViewController.swift in Sources */ = {isa = PBXBuildFile; fileRef = 2C3475C3298423F400EB1F9D /* MovieSearchViewController.swift */; };
		2C3475C829842BF100EB1F9D /* MovieSearchItemCell.swift in Sources */ = {isa = PBXBuildFile; fileRef = 2C3475C629842BF100EB1F9D /* MovieSearchItemCell.swift */; };
		2C3475C929842BF100EB1F9D /* MovieSearchItemCell.xib in Resources */ = {isa = PBXBuildFile; fileRef = 2C3475C729842BF100EB1F9D /* MovieSearchItemCell.xib */; };
		2C3475CB298447A800EB1F9D /* Application.swift in Sources */ = {isa = PBXBuildFile; fileRef = 2C3475CA298447A800EB1F9D /* Application.swift */; };
		2C3475CD2984522B00EB1F9D /* ImageLoader.swift in Sources */ = {isa = PBXBuildFile; fileRef = 2C3475CC2984522B00EB1F9D /* ImageLoader.swift */; };
/* End PBXBuildFile section */

/* Begin PBXContainerItemProxy section */
		2C347572298139F000EB1F9D /* PBXContainerItemProxy */ = {
			isa = PBXContainerItemProxy;
			containerPortal = 2C347553298139EB00EB1F9D /* Project object */;
			proxyType = 1;
			remoteGlobalIDString = 2C34755A298139EB00EB1F9D;
			remoteInfo = "Movies Search";
		};
		2C34757C298139F000EB1F9D /* PBXContainerItemProxy */ = {
			isa = PBXContainerItemProxy;
			containerPortal = 2C347553298139EB00EB1F9D /* Project object */;
			proxyType = 1;
			remoteGlobalIDString = 2C34755A298139EB00EB1F9D;
			remoteInfo = "Movies Search";
		};
/* End PBXContainerItemProxy section */

/* Begin PBXFileReference section */
		2C34755B298139EB00EB1F9D /* Movies Search.app */ = {isa = PBXFileReference; explicitFileType = wrapper.application; includeInIndex = 0; path = "Movies Search.app"; sourceTree = BUILT_PRODUCTS_DIR; };
		2C34755E298139EB00EB1F9D /* AppDelegate.swift */ = {isa = PBXFileReference; lastKnownFileType = sourcecode.swift; path = AppDelegate.swift; sourceTree = "<group>"; };
		2C347560298139EB00EB1F9D /* SceneDelegate.swift */ = {isa = PBXFileReference; lastKnownFileType = sourcecode.swift; path = SceneDelegate.swift; sourceTree = "<group>"; };
		2C347565298139EB00EB1F9D /* Base */ = {isa = PBXFileReference; lastKnownFileType = file.storyboard; name = Base; path = Base.lproj/Main.storyboard; sourceTree = "<group>"; };
		2C347567298139EF00EB1F9D /* Assets.xcassets */ = {isa = PBXFileReference; lastKnownFileType = folder.assetcatalog; path = Assets.xcassets; sourceTree = "<group>"; };
		2C34756A298139EF00EB1F9D /* Base */ = {isa = PBXFileReference; lastKnownFileType = file.storyboard; name = Base; path = Base.lproj/LaunchScreen.storyboard; sourceTree = "<group>"; };
		2C34756C298139EF00EB1F9D /* Info.plist */ = {isa = PBXFileReference; lastKnownFileType = text.plist.xml; path = Info.plist; sourceTree = "<group>"; };
		2C347571298139F000EB1F9D /* Movies SearchTests.xctest */ = {isa = PBXFileReference; explicitFileType = wrapper.cfbundle; includeInIndex = 0; path = "Movies SearchTests.xctest"; sourceTree = BUILT_PRODUCTS_DIR; };
		2C347575298139F000EB1F9D /* Movies_SearchTests.swift */ = {isa = PBXFileReference; lastKnownFileType = sourcecode.swift; path = Movies_SearchTests.swift; sourceTree = "<group>"; };
		2C34757B298139F000EB1F9D /* Movies SearchUITests.xctest */ = {isa = PBXFileReference; explicitFileType = wrapper.cfbundle; includeInIndex = 0; path = "Movies SearchUITests.xctest"; sourceTree = BUILT_PRODUCTS_DIR; };
		2C34757F298139F000EB1F9D /* Movies_SearchUITests.swift */ = {isa = PBXFileReference; lastKnownFileType = sourcecode.swift; path = Movies_SearchUITests.swift; sourceTree = "<group>"; };
		2C347581298139F000EB1F9D /* Movies_SearchUITestsLaunchTests.swift */ = {isa = PBXFileReference; lastKnownFileType = sourcecode.swift; path = Movies_SearchUITestsLaunchTests.swift; sourceTree = "<group>"; };
		2C34759229813D9200EB1F9D /* APIRequest.swift */ = {isa = PBXFileReference; lastKnownFileType = sourcecode.swift; path = APIRequest.swift; sourceTree = "<group>"; };
		2C34759429813DD400EB1F9D /* APIService.swift */ = {isa = PBXFileReference; lastKnownFileType = sourcecode.swift; path = APIService.swift; sourceTree = "<group>"; };
		2C34759629813DFE00EB1F9D /* DefaultAPIService.swift */ = {isa = PBXFileReference; lastKnownFileType = sourcecode.swift; path = DefaultAPIService.swift; sourceTree = "<group>"; };
		2C34759829813E3900EB1F9D /* APIServiceConfig.swift */ = {isa = PBXFileReference; lastKnownFileType = sourcecode.swift; path = APIServiceConfig.swift; sourceTree = "<group>"; };
		2C34759B29813E9700EB1F9D /* Error.swift */ = {isa = PBXFileReference; lastKnownFileType = sourcecode.swift; path = Error.swift; sourceTree = "<group>"; };
		2C34759D2981443E00EB1F9D /* APIResult.swift */ = {isa = PBXFileReference; lastKnownFileType = sourcecode.swift; path = APIResult.swift; sourceTree = "<group>"; };
		2C34759F29814A6800EB1F9D /* JSONUtils.swift */ = {isa = PBXFileReference; fileEncoding = 4; lastKnownFileType = sourcecode.swift; path = JSONUtils.swift; sourceTree = "<group>"; };
		2C3475A229816D8B00EB1F9D /* MoviesService.swift */ = {isa = PBXFileReference; lastKnownFileType = sourcecode.swift; path = MoviesService.swift; sourceTree = "<group>"; };
		2C3475A52983DE0F00EB1F9D /* OMDbService.swift */ = {isa = PBXFileReference; lastKnownFileType = sourcecode.swift; path = OMDbService.swift; sourceTree = "<group>"; };
		2C3475A829840A7F00EB1F9D /* Movie.swift */ = {isa = PBXFileReference; lastKnownFileType = sourcecode.swift; path = Movie.swift; sourceTree = "<group>"; };
		2C3475AB29840B6900EB1F9D /* MovieSearchResults.swift */ = {isa = PBXFileReference; lastKnownFileType = sourcecode.swift; path = MovieSearchResults.swift; sourceTree = "<group>"; };
		2C3475AD2984145A00EB1F9D /* MovieItem.swift */ = {isa = PBXFileReference; lastKnownFileType = sourcecode.swift; path = MovieItem.swift; sourceTree = "<group>"; };
		2C3475AF2984148800EB1F9D /* MovieDetails.swift */ = {isa = PBXFileReference; lastKnownFileType = sourcecode.swift; path = MovieDetails.swift; sourceTree = "<group>"; };
		2C3475B1298415D100EB1F9D /* MovieSearchFilter.swift */ = {isa = PBXFileReference; lastKnownFileType = sourcecode.swift; path = MovieSearchFilter.swift; sourceTree = "<group>"; };
		2C3475B3298416D300EB1F9D /* MoviePlot.swift */ = {isa = PBXFileReference; lastKnownFileType = sourcecode.swift; path = MoviePlot.swift; sourceTree = "<group>"; };
		2C3475B52984190D00EB1F9D /* Rating.swift */ = {isa = PBXFileReference; lastKnownFileType = sourcecode.swift; path = Rating.swift; sourceTree = "<group>"; };
		2C3475B729841B2600EB1F9D /* OMDbSearchResults.swift */ = {isa = PBXFileReference; lastKnownFileType = sourcecode.swift; path = OMDbSearchResults.swift; sourceTree = "<group>"; };
		2C3475B929841B4100EB1F9D /* OMDbSearchResultItem.swift */ = {isa = PBXFileReference; lastKnownFileType = sourcecode.swift; path = OMDbSearchResultItem.swift; sourceTree = "<group>"; };
		2C3475BB29841B5F00EB1F9D /* OMDbDTO.swift */ = {isa = PBXFileReference; lastKnownFileType = sourcecode.swift; path = OMDbDTO.swift; sourceTree = "<group>"; };
		2C3475BD29841B8600EB1F9D /* OMDbRating.swift */ = {isa = PBXFileReference; lastKnownFileType = sourcecode.swift; path = OMDbRating.swift; sourceTree = "<group>"; };
		2C3475C1298423DE00EB1F9D /* MovieSearchViewModel.swift */ = {isa = PBXFileReference; lastKnownFileType = sourcecode.swift; path = MovieSearchViewModel.swift; sourceTree = "<group>"; };
		2C3475C3298423F400EB1F9D /* MovieSearchViewController.swift */ = {isa = PBXFileReference; lastKnownFileType = sourcecode.swift; path = MovieSearchViewController.swift; sourceTree = "<group>"; };
		2C3475C629842BF100EB1F9D /* MovieSearchItemCell.swift */ = {isa = PBXFileReference; lastKnownFileType = sourcecode.swift; path = MovieSearchItemCell.swift; sourceTree = "<group>"; };
		2C3475C729842BF100EB1F9D /* MovieSearchItemCell.xib */ = {isa = PBXFileReference; lastKnownFileType = file.xib; path = MovieSearchItemCell.xib; sourceTree = "<group>"; };
		2C3475CA298447A800EB1F9D /* Application.swift */ = {isa = PBXFileReference; lastKnownFileType = sourcecode.swift; path = Application.swift; sourceTree = "<group>"; };
		2C3475CC2984522B00EB1F9D /* ImageLoader.swift */ = {isa = PBXFileReference; lastKnownFileType = sourcecode.swift; path = ImageLoader.swift; sourceTree = "<group>"; };
/* End PBXFileReference section */

/* Begin PBXFrameworksBuildPhase section */
		2C347558298139EB00EB1F9D /* Frameworks */ = {
			isa = PBXFrameworksBuildPhase;
			buildActionMask = 2147483647;
			files = (
			);
			runOnlyForDeploymentPostprocessing = 0;
		};
		2C34756E298139F000EB1F9D /* Frameworks */ = {
			isa = PBXFrameworksBuildPhase;
			buildActionMask = 2147483647;
			files = (
			);
			runOnlyForDeploymentPostprocessing = 0;
		};
		2C347578298139F000EB1F9D /* Frameworks */ = {
			isa = PBXFrameworksBuildPhase;
			buildActionMask = 2147483647;
			files = (
			);
			runOnlyForDeploymentPostprocessing = 0;
		};
/* End PBXFrameworksBuildPhase section */

/* Begin PBXGroup section */
		2C347552298139EB00EB1F9D = {
			isa = PBXGroup;
			children = (
				2C34755D298139EB00EB1F9D /* Movies Search */,
				2C347574298139F000EB1F9D /* Movies SearchTests */,
				2C34757E298139F000EB1F9D /* Movies SearchUITests */,
				2C34755C298139EB00EB1F9D /* Products */,
			);
			sourceTree = "<group>";
		};
		2C34755C298139EB00EB1F9D /* Products */ = {
			isa = PBXGroup;
			children = (
				2C34755B298139EB00EB1F9D /* Movies Search.app */,
				2C347571298139F000EB1F9D /* Movies SearchTests.xctest */,
				2C34757B298139F000EB1F9D /* Movies SearchUITests.xctest */,
			);
			name = Products;
			sourceTree = "<group>";
		};
		2C34755D298139EB00EB1F9D /* Movies Search */ = {
			isa = PBXGroup;
			children = (
				2C3475A129816D6800EB1F9D /* Movies Service */,
				2C34759129813C0F00EB1F9D /* Network */,
				2C34759029813BF700EB1F9D /* Features */,
				2C34758E29813BD400EB1F9D /* Application */,
				2C34758F29813BE200EB1F9D /* Storyboards */,
				2C34759A29813E8400EB1F9D /* Common */,
				2C347567298139EF00EB1F9D /* Assets.xcassets */,
				2C34756C298139EF00EB1F9D /* Info.plist */,
			);
			path = "Movies Search";
			sourceTree = "<group>";
		};
		2C347574298139F000EB1F9D /* Movies SearchTests */ = {
			isa = PBXGroup;
			children = (
				2C347575298139F000EB1F9D /* Movies_SearchTests.swift */,
			);
			path = "Movies SearchTests";
			sourceTree = "<group>";
		};
		2C34757E298139F000EB1F9D /* Movies SearchUITests */ = {
			isa = PBXGroup;
			children = (
				2C34757F298139F000EB1F9D /* Movies_SearchUITests.swift */,
				2C347581298139F000EB1F9D /* Movies_SearchUITestsLaunchTests.swift */,
			);
			path = "Movies SearchUITests";
			sourceTree = "<group>";
		};
		2C34758E29813BD400EB1F9D /* Application */ = {
			isa = PBXGroup;
			children = (
				2C34755E298139EB00EB1F9D /* AppDelegate.swift */,
				2C347560298139EB00EB1F9D /* SceneDelegate.swift */,
				2C3475CA298447A800EB1F9D /* Application.swift */,
			);
			path = Application;
			sourceTree = "<group>";
		};
		2C34758F29813BE200EB1F9D /* Storyboards */ = {
			isa = PBXGroup;
			children = (
				2C347569298139EF00EB1F9D /* LaunchScreen.storyboard */,
				2C347564298139EB00EB1F9D /* Main.storyboard */,
			);
			path = Storyboards;
			sourceTree = "<group>";
		};
		2C34759029813BF700EB1F9D /* Features */ = {
			isa = PBXGroup;
			children = (
				2C3475BF2984207E00EB1F9D /* Movies Search */,
				2C3475C02984208800EB1F9D /* Movie Details */,
			);
			path = Features;
			sourceTree = "<group>";
		};
		2C34759129813C0F00EB1F9D /* Network */ = {
			isa = PBXGroup;
			children = (
				2C34759229813D9200EB1F9D /* APIRequest.swift */,
				2C34759D2981443E00EB1F9D /* APIResult.swift */,
				2C34759829813E3900EB1F9D /* APIServiceConfig.swift */,
				2C34759429813DD400EB1F9D /* APIService.swift */,
				2C34759629813DFE00EB1F9D /* DefaultAPIService.swift */,
			);
			path = Network;
			sourceTree = "<group>";
		};
		2C34759A29813E8400EB1F9D /* Common */ = {
			isa = PBXGroup;
			children = (
				2C34759F29814A6800EB1F9D /* JSONUtils.swift */,
				2C34759B29813E9700EB1F9D /* Error.swift */,
				2C3475CC2984522B00EB1F9D /* ImageLoader.swift */,
			);
			path = Common;
			sourceTree = "<group>";
		};
		2C3475A129816D6800EB1F9D /* Movies Service */ = {
			isa = PBXGroup;
			children = (
				2C3475A229816D8B00EB1F9D /* MoviesService.swift */,
				2C3475A729840A6F00EB1F9D /* Models */,
				2C3475A42983DDEF00EB1F9D /* OMDb */,
			);
			path = "Movies Service";
			sourceTree = "<group>";
		};
		2C3475A42983DDEF00EB1F9D /* OMDb */ = {
			isa = PBXGroup;
			children = (
				2C3475A52983DE0F00EB1F9D /* OMDbService.swift */,
				2C3475B729841B2600EB1F9D /* OMDbSearchResults.swift */,
				2C3475B929841B4100EB1F9D /* OMDbSearchResultItem.swift */,
				2C3475BB29841B5F00EB1F9D /* OMDbDTO.swift */,
				2C3475BD29841B8600EB1F9D /* OMDbRating.swift */,
			);
			path = OMDb;
			sourceTree = "<group>";
		};
		2C3475A729840A6F00EB1F9D /* Models */ = {
			isa = PBXGroup;
			children = (
				2C3475B1298415D100EB1F9D /* MovieSearchFilter.swift */,
				2C3475A829840A7F00EB1F9D /* Movie.swift */,
				2C3475AB29840B6900EB1F9D /* MovieSearchResults.swift */,
				2C3475AD2984145A00EB1F9D /* MovieItem.swift */,
				2C3475AF2984148800EB1F9D /* MovieDetails.swift */,
				2C3475B3298416D300EB1F9D /* MoviePlot.swift */,
				2C3475B52984190D00EB1F9D /* Rating.swift */,
			);
			path = Models;
			sourceTree = "<group>";
		};
		2C3475BF2984207E00EB1F9D /* Movies Search */ = {
			isa = PBXGroup;
			children = (
				2C3475C529842BBE00EB1F9D /* Cells */,
				2C3475C1298423DE00EB1F9D /* MovieSearchViewModel.swift */,
				2C3475C3298423F400EB1F9D /* MovieSearchViewController.swift */,
			);
			path = "Movies Search";
			sourceTree = "<group>";
		};
		2C3475C02984208800EB1F9D /* Movie Details */ = {
			isa = PBXGroup;
			children = (
			);
			path = "Movie Details";
			sourceTree = "<group>";
		};
		2C3475C529842BBE00EB1F9D /* Cells */ = {
			isa = PBXGroup;
			children = (
				2C3475C629842BF100EB1F9D /* MovieSearchItemCell.swift */,
				2C3475C729842BF100EB1F9D /* MovieSearchItemCell.xib */,
			);
			path = Cells;
			sourceTree = "<group>";
		};
/* End PBXGroup section */

/* Begin PBXNativeTarget section */
		2C34755A298139EB00EB1F9D /* Movies Search */ = {
			isa = PBXNativeTarget;
			buildConfigurationList = 2C347585298139F000EB1F9D /* Build configuration list for PBXNativeTarget "Movies Search" */;
			buildPhases = (
				2C347557298139EB00EB1F9D /* Sources */,
				2C347558298139EB00EB1F9D /* Frameworks */,
				2C347559298139EB00EB1F9D /* Resources */,
			);
			buildRules = (
			);
			dependencies = (
			);
			name = "Movies Search";
			productName = "Movies Search";
			productReference = 2C34755B298139EB00EB1F9D /* Movies Search.app */;
			productType = "com.apple.product-type.application";
		};
		2C347570298139F000EB1F9D /* Movies SearchTests */ = {
			isa = PBXNativeTarget;
			buildConfigurationList = 2C347588298139F000EB1F9D /* Build configuration list for PBXNativeTarget "Movies SearchTests" */;
			buildPhases = (
				2C34756D298139F000EB1F9D /* Sources */,
				2C34756E298139F000EB1F9D /* Frameworks */,
				2C34756F298139F000EB1F9D /* Resources */,
			);
			buildRules = (
			);
			dependencies = (
				2C347573298139F000EB1F9D /* PBXTargetDependency */,
			);
			name = "Movies SearchTests";
			productName = "Movies SearchTests";
			productReference = 2C347571298139F000EB1F9D /* Movies SearchTests.xctest */;
			productType = "com.apple.product-type.bundle.unit-test";
		};
		2C34757A298139F000EB1F9D /* Movies SearchUITests */ = {
			isa = PBXNativeTarget;
			buildConfigurationList = 2C34758B298139F000EB1F9D /* Build configuration list for PBXNativeTarget "Movies SearchUITests" */;
			buildPhases = (
				2C347577298139F000EB1F9D /* Sources */,
				2C347578298139F000EB1F9D /* Frameworks */,
				2C347579298139F000EB1F9D /* Resources */,
			);
			buildRules = (
			);
			dependencies = (
				2C34757D298139F000EB1F9D /* PBXTargetDependency */,
			);
			name = "Movies SearchUITests";
			productName = "Movies SearchUITests";
			productReference = 2C34757B298139F000EB1F9D /* Movies SearchUITests.xctest */;
			productType = "com.apple.product-type.bundle.ui-testing";
		};
/* End PBXNativeTarget section */

/* Begin PBXProject section */
		2C347553298139EB00EB1F9D /* Project object */ = {
			isa = PBXProject;
			attributes = {
				BuildIndependentTargetsInParallel = 1;
				LastSwiftUpdateCheck = 1410;
				LastUpgradeCheck = 1410;
				TargetAttributes = {
					2C34755A298139EB00EB1F9D = {
						CreatedOnToolsVersion = 14.1;
					};
					2C347570298139F000EB1F9D = {
						CreatedOnToolsVersion = 14.1;
						TestTargetID = 2C34755A298139EB00EB1F9D;
					};
					2C34757A298139F000EB1F9D = {
						CreatedOnToolsVersion = 14.1;
						TestTargetID = 2C34755A298139EB00EB1F9D;
					};
				};
			};
			buildConfigurationList = 2C347556298139EB00EB1F9D /* Build configuration list for PBXProject "Movies Search" */;
			compatibilityVersion = "Xcode 14.0";
			developmentRegion = en;
			hasScannedForEncodings = 0;
			knownRegions = (
				en,
				Base,
			);
			mainGroup = 2C347552298139EB00EB1F9D;
			productRefGroup = 2C34755C298139EB00EB1F9D /* Products */;
			projectDirPath = "";
			projectRoot = "";
			targets = (
				2C34755A298139EB00EB1F9D /* Movies Search */,
				2C347570298139F000EB1F9D /* Movies SearchTests */,
				2C34757A298139F000EB1F9D /* Movies SearchUITests */,
			);
		};
/* End PBXProject section */

/* Begin PBXResourcesBuildPhase section */
		2C347559298139EB00EB1F9D /* Resources */ = {
			isa = PBXResourcesBuildPhase;
			buildActionMask = 2147483647;
			files = (
				2C34756B298139EF00EB1F9D /* LaunchScreen.storyboard in Resources */,
				2C3475C929842BF100EB1F9D /* MovieSearchItemCell.xib in Resources */,
				2C347568298139EF00EB1F9D /* Assets.xcassets in Resources */,
				2C347566298139EB00EB1F9D /* Main.storyboard in Resources */,
			);
			runOnlyForDeploymentPostprocessing = 0;
		};
		2C34756F298139F000EB1F9D /* Resources */ = {
			isa = PBXResourcesBuildPhase;
			buildActionMask = 2147483647;
			files = (
			);
			runOnlyForDeploymentPostprocessing = 0;
		};
		2C347579298139F000EB1F9D /* Resources */ = {
			isa = PBXResourcesBuildPhase;
			buildActionMask = 2147483647;
			files = (
			);
			runOnlyForDeploymentPostprocessing = 0;
		};
/* End PBXResourcesBuildPhase section */

/* Begin PBXSourcesBuildPhase section */
		2C347557298139EB00EB1F9D /* Sources */ = {
			isa = PBXSourcesBuildPhase;
			buildActionMask = 2147483647;
			files = (
				2C34759E2981443E00EB1F9D /* APIResult.swift in Sources */,
				2C3475BE29841B8600EB1F9D /* OMDbRating.swift in Sources */,
				2C34759C29813E9700EB1F9D /* Error.swift in Sources */,
				2C34759729813DFE00EB1F9D /* DefaultAPIService.swift in Sources */,
				2C3475B02984148800EB1F9D /* MovieDetails.swift in Sources */,
				2C3475AE2984145A00EB1F9D /* MovieItem.swift in Sources */,
				2C3475BC29841B5F00EB1F9D /* OMDbDTO.swift in Sources */,
				2C3475C829842BF100EB1F9D /* MovieSearchItemCell.swift in Sources */,
				2C3475A62983DE0F00EB1F9D /* OMDbService.swift in Sources */,
				2C3475CB298447A800EB1F9D /* Application.swift in Sources */,
				2C34759529813DD400EB1F9D /* APIService.swift in Sources */,
				2C3475B829841B2600EB1F9D /* OMDbSearchResults.swift in Sources */,
				2C34755F298139EB00EB1F9D /* AppDelegate.swift in Sources */,
				2C3475CD2984522B00EB1F9D /* ImageLoader.swift in Sources */,
				2C34759929813E3900EB1F9D /* APIServiceConfig.swift in Sources */,
				2C3475A929840A7F00EB1F9D /* Movie.swift in Sources */,
				2C3475B4298416D300EB1F9D /* MoviePlot.swift in Sources */,
				2C3475BA29841B4100EB1F9D /* OMDbSearchResultItem.swift in Sources */,
				2C3475A329816D8B00EB1F9D /* MoviesService.swift in Sources */,
				2C3475A029814A6800EB1F9D /* JSONUtils.swift in Sources */,
				2C3475C4298423F400EB1F9D /* MovieSearchViewController.swift in Sources */,
				2C34759329813D9200EB1F9D /* APIRequest.swift in Sources */,
				2C347561298139EB00EB1F9D /* SceneDelegate.swift in Sources */,
				2C3475B62984190D00EB1F9D /* Rating.swift in Sources */,
				2C3475B2298415D100EB1F9D /* MovieSearchFilter.swift in Sources */,
				2C3475AC29840B6900EB1F9D /* MovieSearchResults.swift in Sources */,
				2C3475C2298423DE00EB1F9D /* MovieSearchViewModel.swift in Sources */,
			);
			runOnlyForDeploymentPostprocessing = 0;
		};
		2C34756D298139F000EB1F9D /* Sources */ = {
			isa = PBXSourcesBuildPhase;
			buildActionMask = 2147483647;
			files = (
				2C347576298139F000EB1F9D /* Movies_SearchTests.swift in Sources */,
			);
			runOnlyForDeploymentPostprocessing = 0;
		};
		2C347577298139F000EB1F9D /* Sources */ = {
			isa = PBXSourcesBuildPhase;
			buildActionMask = 2147483647;
			files = (
				2C347580298139F000EB1F9D /* Movies_SearchUITests.swift in Sources */,
				2C347582298139F000EB1F9D /* Movies_SearchUITestsLaunchTests.swift in Sources */,
			);
			runOnlyForDeploymentPostprocessing = 0;
		};
/* End PBXSourcesBuildPhase section */

/* Begin PBXTargetDependency section */
		2C347573298139F000EB1F9D /* PBXTargetDependency */ = {
			isa = PBXTargetDependency;
			target = 2C34755A298139EB00EB1F9D /* Movies Search */;
			targetProxy = 2C347572298139F000EB1F9D /* PBXContainerItemProxy */;
		};
		2C34757D298139F000EB1F9D /* PBXTargetDependency */ = {
			isa = PBXTargetDependency;
			target = 2C34755A298139EB00EB1F9D /* Movies Search */;
			targetProxy = 2C34757C298139F000EB1F9D /* PBXContainerItemProxy */;
		};
/* End PBXTargetDependency section */

/* Begin PBXVariantGroup section */
		2C347564298139EB00EB1F9D /* Main.storyboard */ = {
			isa = PBXVariantGroup;
			children = (
				2C347565298139EB00EB1F9D /* Base */,
			);
			name = Main.storyboard;
			sourceTree = "<group>";
		};
		2C347569298139EF00EB1F9D /* LaunchScreen.storyboard */ = {
			isa = PBXVariantGroup;
			children = (
				2C34756A298139EF00EB1F9D /* Base */,
			);
			name = LaunchScreen.storyboard;
			sourceTree = "<group>";
		};
/* End PBXVariantGroup section */

/* Begin XCBuildConfiguration section */
		2C347583298139F000EB1F9D /* Debug */ = {
			isa = XCBuildConfiguration;
			buildSettings = {
				ALWAYS_SEARCH_USER_PATHS = NO;
				CLANG_ANALYZER_NONNULL = YES;
				CLANG_ANALYZER_NUMBER_OBJECT_CONVERSION = YES_AGGRESSIVE;
				CLANG_CXX_LANGUAGE_STANDARD = "gnu++20";
				CLANG_ENABLE_MODULES = YES;
				CLANG_ENABLE_OBJC_ARC = YES;
				CLANG_ENABLE_OBJC_WEAK = YES;
				CLANG_WARN_BLOCK_CAPTURE_AUTORELEASING = YES;
				CLANG_WARN_BOOL_CONVERSION = YES;
				CLANG_WARN_COMMA = YES;
				CLANG_WARN_CONSTANT_CONVERSION = YES;
				CLANG_WARN_DEPRECATED_OBJC_IMPLEMENTATIONS = YES;
				CLANG_WARN_DIRECT_OBJC_ISA_USAGE = YES_ERROR;
				CLANG_WARN_DOCUMENTATION_COMMENTS = YES;
				CLANG_WARN_EMPTY_BODY = YES;
				CLANG_WARN_ENUM_CONVERSION = YES;
				CLANG_WARN_INFINITE_RECURSION = YES;
				CLANG_WARN_INT_CONVERSION = YES;
				CLANG_WARN_NON_LITERAL_NULL_CONVERSION = YES;
				CLANG_WARN_OBJC_IMPLICIT_RETAIN_SELF = YES;
				CLANG_WARN_OBJC_LITERAL_CONVERSION = YES;
				CLANG_WARN_OBJC_ROOT_CLASS = YES_ERROR;
				CLANG_WARN_QUOTED_INCLUDE_IN_FRAMEWORK_HEADER = YES;
				CLANG_WARN_RANGE_LOOP_ANALYSIS = YES;
				CLANG_WARN_STRICT_PROTOTYPES = YES;
				CLANG_WARN_SUSPICIOUS_MOVE = YES;
				CLANG_WARN_UNGUARDED_AVAILABILITY = YES_AGGRESSIVE;
				CLANG_WARN_UNREACHABLE_CODE = YES;
				CLANG_WARN__DUPLICATE_METHOD_MATCH = YES;
				COPY_PHASE_STRIP = NO;
				DEBUG_INFORMATION_FORMAT = dwarf;
				ENABLE_STRICT_OBJC_MSGSEND = YES;
				ENABLE_TESTABILITY = YES;
				GCC_C_LANGUAGE_STANDARD = gnu11;
				GCC_DYNAMIC_NO_PIC = NO;
				GCC_NO_COMMON_BLOCKS = YES;
				GCC_OPTIMIZATION_LEVEL = 0;
				GCC_PREPROCESSOR_DEFINITIONS = (
					"DEBUG=1",
					"$(inherited)",
				);
				GCC_WARN_64_TO_32_BIT_CONVERSION = YES;
				GCC_WARN_ABOUT_RETURN_TYPE = YES_ERROR;
				GCC_WARN_UNDECLARED_SELECTOR = YES;
				GCC_WARN_UNINITIALIZED_AUTOS = YES_AGGRESSIVE;
				GCC_WARN_UNUSED_FUNCTION = YES;
				GCC_WARN_UNUSED_VARIABLE = YES;
				IPHONEOS_DEPLOYMENT_TARGET = 16.1;
				MTL_ENABLE_DEBUG_INFO = INCLUDE_SOURCE;
				MTL_FAST_MATH = YES;
				ONLY_ACTIVE_ARCH = YES;
				SDKROOT = iphoneos;
				SWIFT_ACTIVE_COMPILATION_CONDITIONS = DEBUG;
				SWIFT_OPTIMIZATION_LEVEL = "-Onone";
			};
			name = Debug;
		};
		2C347584298139F000EB1F9D /* Release */ = {
			isa = XCBuildConfiguration;
			buildSettings = {
				ALWAYS_SEARCH_USER_PATHS = NO;
				CLANG_ANALYZER_NONNULL = YES;
				CLANG_ANALYZER_NUMBER_OBJECT_CONVERSION = YES_AGGRESSIVE;
				CLANG_CXX_LANGUAGE_STANDARD = "gnu++20";
				CLANG_ENABLE_MODULES = YES;
				CLANG_ENABLE_OBJC_ARC = YES;
				CLANG_ENABLE_OBJC_WEAK = YES;
				CLANG_WARN_BLOCK_CAPTURE_AUTORELEASING = YES;
				CLANG_WARN_BOOL_CONVERSION = YES;
				CLANG_WARN_COMMA = YES;
				CLANG_WARN_CONSTANT_CONVERSION = YES;
				CLANG_WARN_DEPRECATED_OBJC_IMPLEMENTATIONS = YES;
				CLANG_WARN_DIRECT_OBJC_ISA_USAGE = YES_ERROR;
				CLANG_WARN_DOCUMENTATION_COMMENTS = YES;
				CLANG_WARN_EMPTY_BODY = YES;
				CLANG_WARN_ENUM_CONVERSION = YES;
				CLANG_WARN_INFINITE_RECURSION = YES;
				CLANG_WARN_INT_CONVERSION = YES;
				CLANG_WARN_NON_LITERAL_NULL_CONVERSION = YES;
				CLANG_WARN_OBJC_IMPLICIT_RETAIN_SELF = YES;
				CLANG_WARN_OBJC_LITERAL_CONVERSION = YES;
				CLANG_WARN_OBJC_ROOT_CLASS = YES_ERROR;
				CLANG_WARN_QUOTED_INCLUDE_IN_FRAMEWORK_HEADER = YES;
				CLANG_WARN_RANGE_LOOP_ANALYSIS = YES;
				CLANG_WARN_STRICT_PROTOTYPES = YES;
				CLANG_WARN_SUSPICIOUS_MOVE = YES;
				CLANG_WARN_UNGUARDED_AVAILABILITY = YES_AGGRESSIVE;
				CLANG_WARN_UNREACHABLE_CODE = YES;
				CLANG_WARN__DUPLICATE_METHOD_MATCH = YES;
				COPY_PHASE_STRIP = NO;
				DEBUG_INFORMATION_FORMAT = "dwarf-with-dsym";
				ENABLE_NS_ASSERTIONS = NO;
				ENABLE_STRICT_OBJC_MSGSEND = YES;
				GCC_C_LANGUAGE_STANDARD = gnu11;
				GCC_NO_COMMON_BLOCKS = YES;
				GCC_WARN_64_TO_32_BIT_CONVERSION = YES;
				GCC_WARN_ABOUT_RETURN_TYPE = YES_ERROR;
				GCC_WARN_UNDECLARED_SELECTOR = YES;
				GCC_WARN_UNINITIALIZED_AUTOS = YES_AGGRESSIVE;
				GCC_WARN_UNUSED_FUNCTION = YES;
				GCC_WARN_UNUSED_VARIABLE = YES;
				IPHONEOS_DEPLOYMENT_TARGET = 16.1;
				MTL_ENABLE_DEBUG_INFO = NO;
				MTL_FAST_MATH = YES;
				SDKROOT = iphoneos;
				SWIFT_COMPILATION_MODE = wholemodule;
				SWIFT_OPTIMIZATION_LEVEL = "-O";
				VALIDATE_PRODUCT = YES;
			};
			name = Release;
		};
		2C347586298139F000EB1F9D /* Debug */ = {
			isa = XCBuildConfiguration;
			buildSettings = {
				ASSETCATALOG_COMPILER_APPICON_NAME = AppIcon;
				ASSETCATALOG_COMPILER_GLOBAL_ACCENT_COLOR_NAME = AccentColor;
				CODE_SIGN_STYLE = Automatic;
				CURRENT_PROJECT_VERSION = 1;
				DEVELOPMENT_TEAM = 8FK5W834JB;
				GENERATE_INFOPLIST_FILE = YES;
				INFOPLIST_FILE = "Movies Search/Info.plist";
				INFOPLIST_KEY_UIApplicationSupportsIndirectInputEvents = YES;
				INFOPLIST_KEY_UILaunchStoryboardName = LaunchScreen;
				INFOPLIST_KEY_UIMainStoryboardFile = Main;
				INFOPLIST_KEY_UISupportedInterfaceOrientations_iPad = "UIInterfaceOrientationPortrait UIInterfaceOrientationPortraitUpsideDown UIInterfaceOrientationLandscapeLeft UIInterfaceOrientationLandscapeRight";
				INFOPLIST_KEY_UISupportedInterfaceOrientations_iPhone = "UIInterfaceOrientationPortrait UIInterfaceOrientationLandscapeLeft UIInterfaceOrientationLandscapeRight";
				LD_RUNPATH_SEARCH_PATHS = (
					"$(inherited)",
					"@executable_path/Frameworks",
				);
				MARKETING_VERSION = 1.0;
				PRODUCT_BUNDLE_IDENTIFIER = "kalpesh.Movies-Search";
				PRODUCT_NAME = "$(TARGET_NAME)";
				SWIFT_EMIT_LOC_STRINGS = YES;
				SWIFT_VERSION = 5.0;
				TARGETED_DEVICE_FAMILY = "1,2";
			};
			name = Debug;
		};
		2C347587298139F000EB1F9D /* Release */ = {
			isa = XCBuildConfiguration;
			buildSettings = {
				ASSETCATALOG_COMPILER_APPICON_NAME = AppIcon;
				ASSETCATALOG_COMPILER_GLOBAL_ACCENT_COLOR_NAME = AccentColor;
				CODE_SIGN_STYLE = Automatic;
				CURRENT_PROJECT_VERSION = 1;
				DEVELOPMENT_TEAM = 8FK5W834JB;
				GENERATE_INFOPLIST_FILE = YES;
				INFOPLIST_FILE = "Movies Search/Info.plist";
				INFOPLIST_KEY_UIApplicationSupportsIndirectInputEvents = YES;
				INFOPLIST_KEY_UILaunchStoryboardName = LaunchScreen;
				INFOPLIST_KEY_UIMainStoryboardFile = Main;
				INFOPLIST_KEY_UISupportedInterfaceOrientations_iPad = "UIInterfaceOrientationPortrait UIInterfaceOrientationPortraitUpsideDown UIInterfaceOrientationLandscapeLeft UIInterfaceOrientationLandscapeRight";
				INFOPLIST_KEY_UISupportedInterfaceOrientations_iPhone = "UIInterfaceOrientationPortrait UIInterfaceOrientationLandscapeLeft UIInterfaceOrientationLandscapeRight";
				LD_RUNPATH_SEARCH_PATHS = (
					"$(inherited)",
					"@executable_path/Frameworks",
				);
				MARKETING_VERSION = 1.0;
				PRODUCT_BUNDLE_IDENTIFIER = "kalpesh.Movies-Search";
				PRODUCT_NAME = "$(TARGET_NAME)";
				SWIFT_EMIT_LOC_STRINGS = YES;
				SWIFT_VERSION = 5.0;
				TARGETED_DEVICE_FAMILY = "1,2";
			};
			name = Release;
		};
		2C347589298139F000EB1F9D /* Debug */ = {
			isa = XCBuildConfiguration;
			buildSettings = {
				ALWAYS_EMBED_SWIFT_STANDARD_LIBRARIES = YES;
				BUNDLE_LOADER = "$(TEST_HOST)";
				CODE_SIGN_STYLE = Automatic;
				CURRENT_PROJECT_VERSION = 1;
				GENERATE_INFOPLIST_FILE = YES;
				IPHONEOS_DEPLOYMENT_TARGET = 16.1;
				MARKETING_VERSION = 1.0;
				PRODUCT_BUNDLE_IDENTIFIER = "kalpesh.Movies-SearchTests";
				PRODUCT_NAME = "$(TARGET_NAME)";
				SWIFT_EMIT_LOC_STRINGS = NO;
				SWIFT_VERSION = 5.0;
				TARGETED_DEVICE_FAMILY = "1,2";
				TEST_HOST = "$(BUILT_PRODUCTS_DIR)/Movies Search.app/$(BUNDLE_EXECUTABLE_FOLDER_PATH)/Movies Search";
			};
			name = Debug;
		};
		2C34758A298139F000EB1F9D /* Release */ = {
			isa = XCBuildConfiguration;
			buildSettings = {
				ALWAYS_EMBED_SWIFT_STANDARD_LIBRARIES = YES;
				BUNDLE_LOADER = "$(TEST_HOST)";
				CODE_SIGN_STYLE = Automatic;
				CURRENT_PROJECT_VERSION = 1;
				GENERATE_INFOPLIST_FILE = YES;
				IPHONEOS_DEPLOYMENT_TARGET = 16.1;
				MARKETING_VERSION = 1.0;
				PRODUCT_BUNDLE_IDENTIFIER = "kalpesh.Movies-SearchTests";
				PRODUCT_NAME = "$(TARGET_NAME)";
				SWIFT_EMIT_LOC_STRINGS = NO;
				SWIFT_VERSION = 5.0;
				TARGETED_DEVICE_FAMILY = "1,2";
				TEST_HOST = "$(BUILT_PRODUCTS_DIR)/Movies Search.app/$(BUNDLE_EXECUTABLE_FOLDER_PATH)/Movies Search";
			};
			name = Release;
		};
		2C34758C298139F000EB1F9D /* Debug */ = {
			isa = XCBuildConfiguration;
			buildSettings = {
				ALWAYS_EMBED_SWIFT_STANDARD_LIBRARIES = YES;
				CODE_SIGN_STYLE = Automatic;
				CURRENT_PROJECT_VERSION = 1;
				GENERATE_INFOPLIST_FILE = YES;
				MARKETING_VERSION = 1.0;
				PRODUCT_BUNDLE_IDENTIFIER = "kalpesh.Movies-SearchUITests";
				PRODUCT_NAME = "$(TARGET_NAME)";
				SWIFT_EMIT_LOC_STRINGS = NO;
				SWIFT_VERSION = 5.0;
				TARGETED_DEVICE_FAMILY = "1,2";
				TEST_TARGET_NAME = "Movies Search";
			};
			name = Debug;
		};
		2C34758D298139F000EB1F9D /* Release */ = {
			isa = XCBuildConfiguration;
			buildSettings = {
				ALWAYS_EMBED_SWIFT_STANDARD_LIBRARIES = YES;
				CODE_SIGN_STYLE = Automatic;
				CURRENT_PROJECT_VERSION = 1;
				GENERATE_INFOPLIST_FILE = YES;
				MARKETING_VERSION = 1.0;
				PRODUCT_BUNDLE_IDENTIFIER = "kalpesh.Movies-SearchUITests";
				PRODUCT_NAME = "$(TARGET_NAME)";
				SWIFT_EMIT_LOC_STRINGS = NO;
				SWIFT_VERSION = 5.0;
				TARGETED_DEVICE_FAMILY = "1,2";
				TEST_TARGET_NAME = "Movies Search";
			};
			name = Release;
		};
/* End XCBuildConfiguration section */

/* Begin XCConfigurationList section */
		2C347556298139EB00EB1F9D /* Build configuration list for PBXProject "Movies Search" */ = {
			isa = XCConfigurationList;
			buildConfigurations = (
				2C347583298139F000EB1F9D /* Debug */,
				2C347584298139F000EB1F9D /* Release */,
			);
			defaultConfigurationIsVisible = 0;
			defaultConfigurationName = Release;
		};
		2C347585298139F000EB1F9D /* Build configuration list for PBXNativeTarget "Movies Search" */ = {
			isa = XCConfigurationList;
			buildConfigurations = (
				2C347586298139F000EB1F9D /* Debug */,
				2C347587298139F000EB1F9D /* Release */,
			);
			defaultConfigurationIsVisible = 0;
			defaultConfigurationName = Release;
		};
		2C347588298139F000EB1F9D /* Build configuration list for PBXNativeTarget "Movies SearchTests" */ = {
			isa = XCConfigurationList;
			buildConfigurations = (
				2C347589298139F000EB1F9D /* Debug */,
				2C34758A298139F000EB1F9D /* Release */,
			);
			defaultConfigurationIsVisible = 0;
			defaultConfigurationName = Release;
		};
		2C34758B298139F000EB1F9D /* Build configuration list for PBXNativeTarget "Movies SearchUITests" */ = {
			isa = XCConfigurationList;
			buildConfigurations = (
				2C34758C298139F000EB1F9D /* Debug */,
				2C34758D298139F000EB1F9D /* Release */,
			);
			defaultConfigurationIsVisible = 0;
			defaultConfigurationName = Release;
		};
/* End XCConfigurationList section */
	};
	rootObject = 2C347553298139EB00EB1F9D /* Project object */;
}
